
Microsoft Visual Studio Solution File, Format Version 12.00
# Visual Studio Version 16
VisualStudioVersion = 16.0.31624.102
MinimumVisualStudioVersion = 10.0.40219.1
Project("{FAE04EC0-301F-11D3-BF4B-00C04F79EFBC}") = "Iterator", "Iterator\Iterator.csproj", "{769E03F3-BD99-4A42-802B-D1EFC53B37CD}"
EndProject
Global
	GlobalSection(SolutionConfigurationPlatforms) = preSolution
		Debug|Any CPU = Debug|Any CPU
		Release|Any CPU = Release|Any CPU
	EndGlobalSection
	GlobalSection(ProjectConfigurationPlatforms) = postSolution
		{769E03F3-BD99-4A42-802B-D1EFC53B37CD}.Debug|Any CPU.ActiveCfg = Debug|Any CPU
		{769E03F3-BD99-4A42-802B-D1EFC53B37CD}.Debug|Any CPU.Build.0 = Debug|Any CPU
		{769E03F3-BD99-4A42-802B-D1EFC53B37CD}.Release|Any CPU.ActiveCfg = Release|Any CPU
		{769E03F3-BD99-4A42-802B-D1EFC53B37CD}.Release|Any CPU.Build.0 = Release|Any CPU
	EndGlobalSection
	GlobalSection(SolutionProperties) = preSolution
		HideSolutionNode = FALSE
	EndGlobalSection
	GlobalSection(ExtensibilityGlobals) = postSolution
		SolutionGuid = {FA1A5A4B-DAD6-4036-85F0-1AD2D01E9D01}
	EndGlobalSection
EndGlobal
